
Microsoft Visual Studio Solution File, Format Version 12.00
# Visual Studio Version 17
VisualStudioVersion = 17.3.32929.385
MinimumVisualStudioVersion = 10.0.40219.1
Project("{FAE04EC0-301F-11D3-BF4B-00C04F79EFBC}") = "12.9.22 Function Exercise BODY MASS INDEX", "12.9.22 Function Exercise BODY MASS INDEX.csproj", "{76DABEA2-BA59-4173-B4C9-56B233836648}"
EndProject
Global
	GlobalSection(SolutionConfigurationPlatforms) = preSolution
		Debug|Any CPU = Debug|Any CPU
		Release|Any CPU = Release|Any CPU
	EndGlobalSection
	GlobalSection(ProjectConfigurationPlatforms) = postSolution
		{76DABEA2-BA59-4173-B4C9-56B233836648}.Debug|Any CPU.ActiveCfg = Debug|Any CPU
		{76DABEA2-BA59-4173-B4C9-56B233836648}.Debug|Any CPU.Build.0 = Debug|Any CPU
		{76DABEA2-BA59-4173-B4C9-56B233836648}.Release|Any CPU.ActiveCfg = Release|Any CPU
		{76DABEA2-BA59-4173-B4C9-56B233836648}.Release|Any CPU.Build.0 = Release|Any CPU
	EndGlobalSection
	GlobalSection(SolutionProperties) = preSolution
		HideSolutionNode = FALSE
	EndGlobalSection
	GlobalSection(ExtensibilityGlobals) = postSolution
		SolutionGuid = {0960B23E-24E1-470C-A4A5-5189F98FED12}
	EndGlobalSection
EndGlobal
